// !$*UTF8*$!
{
	archiveVersion = 1;
	classes = {
	};
	objectVersion = 46;
	objects = {

/* Begin PBXBuildFile section */
		DDA0AE1F1B9D388A005571B4 /* daily2.c in Sources */ = {isa = PBXBuildFile; fileRef = DDA0AE1E1B9D388A005571B4 /* daily2.c */; };
/* End PBXBuildFile section */

/* Begin PBXCopyFilesBuildPhase section */
		DDA0AE191B9D388A005571B4 /* CopyFiles */ = {
			isa = PBXCopyFilesBuildPhase;
			buildActionMask = 2147483647;
			dstPath = /usr/share/man/man1/;
			dstSubfolderSpec = 0;
			files = (
			);
			runOnlyForDeploymentPostprocessing = 1;
		};
/* End PBXCopyFilesBuildPhase section */

/* Begin PBXFileReference section */
		DDA0AE1B1B9D388A005571B4 /* daily2.c */ = {isa = PBXFileReference; explicitFileType = "compiled.mach-o.executable"; includeInIndex = 0; path = daily2.c; sourceTree = BUILT_PRODUCTS_DIR; };
		DDA0AE1E1B9D388A005571B4 /* daily2.c */ = {isa = PBXFileReference; lastKnownFileType = sourcecode.c.c; path = daily2.c; sourceTree = "<group>"; };
/* End PBXFileReference section */

/* Begin PBXFrameworksBuildPhase section */
		DDA0AE181B9D388A005571B4 /* Frameworks */ = {
			isa = PBXFrameworksBuildPhase;
			buildActionMask = 2147483647;
			files = (
			);
			runOnlyForDeploymentPostprocessing = 0;
		};
/* End PBXFrameworksBuildPhase section */

/* Begin PBXGroup section */
		DDA0AE121B9D388A005571B4 = {
			isa = PBXGroup;
			children = (
				DDA0AE1D1B9D388A005571B4 /* daily2.c */,
				DDA0AE1C1B9D388A005571B4 /* Products */,
			);
			sourceTree = "<group>";
		};
		DDA0AE1C1B9D388A005571B4 /* Products */ = {
			isa = PBXGroup;
			children = (
				DDA0AE1B1B9D388A005571B4 /* daily2.c */,
			);
			name = Products;
			sourceTree = "<group>";
		};
		DDA0AE1D1B9D388A005571B4 /* daily2.c */ = {
			isa = PBXGroup;
			children = (
				DDA0AE1E1B9D388A005571B4 /* daily2.c */,
			);
			path = daily2.c;
			sourceTree = "<group>";
		};
/* End PBXGroup section */

/* Begin PBXNativeTarget section */
		DDA0AE1A1B9D388A005571B4 /* daily2.c */ = {
			isa = PBXNativeTarget;
			buildConfigurationList = DDA0AE221B9D388A005571B4 /* Build configuration list for PBXNativeTarget "daily2.c" */;
			buildPhases = (
				DDA0AE171B9D388A005571B4 /* Sources */,
				DDA0AE181B9D388A005571B4 /* Frameworks */,
				DDA0AE191B9D388A005571B4 /* CopyFiles */,
			);
			buildRules = (
			);
			dependencies = (
			);
			name = daily2.c;
			productName = daily2.c;
			productReference = DDA0AE1B1B9D388A005571B4 /* daily2.c */;
			productType = "com.apple.product-type.tool";
		};
/* End PBXNativeTarget section */

/* Begin PBXProject section */
		DDA0AE131B9D388A005571B4 /* Project object */ = {
			isa = PBXProject;
			attributes = {
				LastUpgradeCheck = 0700;
				ORGANIZATIONNAME = "Sam Pickell";
				TargetAttributes = {
					DDA0AE1A1B9D388A005571B4 = {
						CreatedOnToolsVersion = 7.0;
					};
				};
			};
			buildConfigurationList = DDA0AE161B9D388A005571B4 /* Build configuration list for PBXProject "daily2.c" */;
			compatibilityVersion = "Xcode 3.2";
			developmentRegion = English;
			hasScannedForEncodings = 0;
			knownRegions = (
				en,
			);
			mainGroup = DDA0AE121B9D388A005571B4;
			productRefGroup = DDA0AE1C1B9D388A005571B4 /* Products */;
			projectDirPath = "";
			projectRoot = "";
			targets = (
				DDA0AE1A1B9D388A005571B4 /* daily2.c */,
			);
		};
/* End PBXProject section */

/* Begin PBXSourcesBuildPhase section */
		DDA0AE171B9D388A005571B4 /* Sources */ = {
			isa = PBXSourcesBuildPhase;
			buildActionMask = 2147483647;
			files = (
				DDA0AE1F1B9D388A005571B4 /* daily2.c in Sources */,
			);
			runOnlyForDeploymentPostprocessing = 0;
		};
/* End PBXSourcesBuildPhase section */

/* Begin XCBuildConfiguration section */
		DDA0AE201B9D388A005571B4 /* Debug */ = {
			isa = XCBuildConfiguration;
			buildSettings = {
				ALWAYS_SEARCH_USER_PATHS = NO;
				CLANG_CXX_LANGUAGE_STANDARD = "gnu++0x";
				CLANG_CXX_LIBRARY = "libc++";
				CLANG_ENABLE_MODULES = YES;
				CLANG_ENABLE_OBJC_ARC = YES;
				CLANG_WARN_BOOL_CONVERSION = YES;
				CLANG_WARN_CONSTANT_CONVERSION = YES;
				CLANG_WARN_DIRECT_OBJC_ISA_USAGE = YES_ERROR;
				CLANG_WARN_EMPTY_BODY = YES;
				CLANG_WARN_ENUM_CONVERSION = YES;
				CLANG_WARN_INT_CONVERSION = YES;
				CLANG_WARN_OBJC_ROOT_CLASS = YES_ERROR;
				CLANG_WARN_UNREACHABLE_CODE = YES;
				CLANG_WARN__DUPLICATE_METHOD_MATCH = YES;
				COPY_PHASE_STRIP = NO;
				DEBUG_INFORMATION_FORMAT = dwarf;
				ENABLE_STRICT_OBJC_MSGSEND = YES;
				ENABLE_TESTABILITY = YES;
				GCC_C_LANGUAGE_STANDARD = gnu99;
				GCC_DYNAMIC_NO_PIC = NO;
				GCC_NO_COMMON_BLOCKS = YES;
				GCC_OPTIMIZATION_LEVEL = 0;
				GCC_PREPROCESSOR_DEFINITIONS = (
					"DEBUG=1",
					"$(inherited)",
				);
				GCC_WARN_64_TO_32_BIT_CONVERSION = YES;
				GCC_WARN_ABOUT_RETURN_TYPE = YES_ERROR;
				GCC_WARN_UNDECLARED_SELECTOR = YES;
				GCC_WARN_UNINITIALIZED_AUTOS = YES_AGGRESSIVE;
				GCC_WARN_UNUSED_FUNCTION = YES;
				GCC_WARN_UNUSED_VARIABLE = YES;
				MACOSX_DEPLOYMENT_TARGET = 10.10;
				MTL_ENABLE_DEBUG_INFO = YES;
				ONLY_ACTIVE_ARCH = YES;
				SDKROOT = macosx;
			};
			name = Debug;
		};
		DDA0AE211B9D388A005571B4 /* Release */ = {
			isa = XCBuildConfiguration;
			buildSettings = {
				ALWAYS_SEARCH_USER_PATHS = NO;
				CLANG_CXX_LANGUAGE_STANDARD = "gnu++0x";
				CLANG_CXX_LIBRARY = "libc++";
				CLANG_ENABLE_MODULES = YES;
				CLANG_ENABLE_OBJC_ARC = YES;
				CLANG_WARN_BOOL_CONVERSION = YES;
				CLANG_WARN_CONSTANT_CONVERSION = YES;
				CLANG_WARN_DIRECT_OBJC_ISA_USAGE = YES_ERROR;
				CLANG_WARN_EMPTY_BODY = YES;
				CLANG_WARN_ENUM_CONVERSION = YES;
				CLANG_WARN_INT_CONVERSION = YES;
				CLANG_WARN_OBJC_ROOT_CLASS = YES_ERROR;
				CLANG_WARN_UNREACHABLE_CODE = YES;
				CLANG_WARN__DUPLICATE_METHOD_MATCH = YES;
				COPY_PHASE_STRIP = NO;
				DEBUG_INFORMATION_FORMAT = "dwarf-with-dsym";
				ENABLE_NS_ASSERTIONS = NO;
				ENABLE_STRICT_OBJC_MSGSEND = YES;
				GCC_C_LANGUAGE_STANDARD = gnu99;
				GCC_NO_COMMON_BLOCKS = YES;
				GCC_WARN_64_TO_32_BIT_CONVERSION = YES;
				GCC_WARN_ABOUT_RETURN_TYPE = YES_ERROR;
				GCC_WARN_UNDECLARED_SELECTOR = YES;
				GCC_WARN_UNINITIALIZED_AUTOS = YES_AGGRESSIVE;
				GCC_WARN_UNUSED_FUNCTION = YES;
				GCC_WARN_UNUSED_VARIABLE = YES;
				MACOSX_DEPLOYMENT_TARGET = 10.10;
				MTL_ENABLE_DEBUG_INFO = NO;
				SDKROOT = macosx;
			};
			name = Release;
		};
		DDA0AE231B9D388A005571B4 /* Debug */ = {
			isa = XCBuildConfiguration;
			buildSettings = {
				PRODUCT_NAME = "$(TARGET_NAME)";
			};
			name = Debug;
		};
		DDA0AE241B9D388A005571B4 /* Release */ = {
			isa = XCBuildConfiguration;
			buildSettings = {
				PRODUCT_NAME = "$(TARGET_NAME)";
			};
			name = Release;
		};
/* End XCBuildConfiguration section */

/* Begin XCConfigurationList section */
		DDA0AE161B9D388A005571B4 /* Build configuration list for PBXProject "daily2.c" */ = {
			isa = XCConfigurationList;
			buildConfigurations = (
				DDA0AE201B9D388A005571B4 /* Debug */,
				DDA0AE211B9D388A005571B4 /* Release */,
			);
			defaultConfigurationIsVisible = 0;
			defaultConfigurationName = Release;
		};
		DDA0AE221B9D388A005571B4 /* Build configuration list for PBXNativeTarget "daily2.c" */ = {
			isa = XCConfigurationList;
			buildConfigurations = (
				DDA0AE231B9D388A005571B4 /* Debug */,
				DDA0AE241B9D388A005571B4 /* Release */,
			);
			defaultConfigurationIsVisible = 0;
			defaultConfigurationName = Release;
		};
/* End XCConfigurationList section */
	};
	rootObject = DDA0AE131B9D388A005571B4 /* Project object */;
}
