// !$*UTF8*$!
{
	archiveVersion = 1;
	classes = {
	};
	objectVersion = 46;
	objects = {

/* Begin PBXBuildFile section */
		DDBAD10D1BA4C1BF00D6F46E /* daily4.c in Sources */ = {isa = PBXBuildFile; fileRef = DDBAD10C1BA4C1BF00D6F46E /* daily4.c */; };
/* End PBXBuildFile section */

/* Begin PBXCopyFilesBuildPhase section */
		DDBAD1071BA4C1BF00D6F46E /* CopyFiles */ = {
			isa = PBXCopyFilesBuildPhase;
			buildActionMask = 2147483647;
			dstPath = /usr/share/man/man1/;
			dstSubfolderSpec = 0;
			files = (
			);
			runOnlyForDeploymentPostprocessing = 1;
		};
/* End PBXCopyFilesBuildPhase section */

/* Begin PBXFileReference section */
		DDBAD1091BA4C1BF00D6F46E /* daily4.c */ = {isa = PBXFileReference; explicitFileType = "compiled.mach-o.executable"; includeInIndex = 0; path = daily4.c; sourceTree = BUILT_PRODUCTS_DIR; };
		DDBAD10C1BA4C1BF00D6F46E /* daily4.c */ = {isa = PBXFileReference; lastKnownFileType = sourcecode.c.c; path = daily4.c; sourceTree = "<group>"; };
/* End PBXFileReference section */

/* Begin PBXFrameworksBuildPhase section */
		DDBAD1061BA4C1BF00D6F46E /* Frameworks */ = {
			isa = PBXFrameworksBuildPhase;
			buildActionMask = 2147483647;
			files = (
			);
			runOnlyForDeploymentPostprocessing = 0;
		};
/* End PBXFrameworksBuildPhase section */

/* Begin PBXGroup section */
		DDBAD1001BA4C1BF00D6F46E = {
			isa = PBXGroup;
			children = (
				DDBAD10B1BA4C1BF00D6F46E /* daily4.c */,
				DDBAD10A1BA4C1BF00D6F46E /* Products */,
			);
			sourceTree = "<group>";
		};
		DDBAD10A1BA4C1BF00D6F46E /* Products */ = {
			isa = PBXGroup;
			children = (
				DDBAD1091BA4C1BF00D6F46E /* daily4.c */,
			);
			name = Products;
			sourceTree = "<group>";
		};
		DDBAD10B1BA4C1BF00D6F46E /* daily4.c */ = {
			isa = PBXGroup;
			children = (
				DDBAD10C1BA4C1BF00D6F46E /* daily4.c */,
			);
			path = daily4.c;
			sourceTree = "<group>";
		};
/* End PBXGroup section */

/* Begin PBXNativeTarget section */
		DDBAD1081BA4C1BF00D6F46E /* daily4.c */ = {
			isa = PBXNativeTarget;
			buildConfigurationList = DDBAD1101BA4C1BF00D6F46E /* Build configuration list for PBXNativeTarget "daily4.c" */;
			buildPhases = (
				DDBAD1051BA4C1BF00D6F46E /* Sources */,
				DDBAD1061BA4C1BF00D6F46E /* Frameworks */,
				DDBAD1071BA4C1BF00D6F46E /* CopyFiles */,
			);
			buildRules = (
			);
			dependencies = (
			);
			name = daily4.c;
			productName = daily4.c;
			productReference = DDBAD1091BA4C1BF00D6F46E /* daily4.c */;
			productType = "com.apple.product-type.tool";
		};
/* End PBXNativeTarget section */

/* Begin PBXProject section */
		DDBAD1011BA4C1BF00D6F46E /* Project object */ = {
			isa = PBXProject;
			attributes = {
				LastUpgradeCheck = 0640;
				ORGANIZATIONNAME = "Sam Pickell";
				TargetAttributes = {
					DDBAD1081BA4C1BF00D6F46E = {
						CreatedOnToolsVersion = 6.4;
					};
				};
			};
			buildConfigurationList = DDBAD1041BA4C1BF00D6F46E /* Build configuration list for PBXProject "daily4.c" */;
			compatibilityVersion = "Xcode 3.2";
			developmentRegion = English;
			hasScannedForEncodings = 0;
			knownRegions = (
				en,
			);
			mainGroup = DDBAD1001BA4C1BF00D6F46E;
			productRefGroup = DDBAD10A1BA4C1BF00D6F46E /* Products */;
			projectDirPath = "";
			projectRoot = "";
			targets = (
				DDBAD1081BA4C1BF00D6F46E /* daily4.c */,
			);
		};
/* End PBXProject section */

/* Begin PBXSourcesBuildPhase section */
		DDBAD1051BA4C1BF00D6F46E /* Sources */ = {
			isa = PBXSourcesBuildPhase;
			buildActionMask = 2147483647;
			files = (
				DDBAD10D1BA4C1BF00D6F46E /* daily4.c in Sources */,
			);
			runOnlyForDeploymentPostprocessing = 0;
		};
/* End PBXSourcesBuildPhase section */

/* Begin XCBuildConfiguration section */
		DDBAD10E1BA4C1BF00D6F46E /* Debug */ = {
			isa = XCBuildConfiguration;
			buildSettings = {
				ALWAYS_SEARCH_USER_PATHS = NO;
				CLANG_CXX_LANGUAGE_STANDARD = "gnu++0x";
				CLANG_CXX_LIBRARY = "libc++";
				CLANG_ENABLE_MODULES = YES;
				CLANG_ENABLE_OBJC_ARC = YES;
				CLANG_WARN_BOOL_CONVERSION = YES;
				CLANG_WARN_CONSTANT_CONVERSION = YES;
				CLANG_WARN_DIRECT_OBJC_ISA_USAGE = YES_ERROR;
				CLANG_WARN_EMPTY_BODY = YES;
				CLANG_WARN_ENUM_CONVERSION = YES;
				CLANG_WARN_INT_CONVERSION = YES;
				CLANG_WARN_OBJC_ROOT_CLASS = YES_ERROR;
				CLANG_WARN_UNREACHABLE_CODE = YES;
				CLANG_WARN__DUPLICATE_METHOD_MATCH = YES;
				COPY_PHASE_STRIP = NO;
				DEBUG_INFORMATION_FORMAT = dwarf;
				ENABLE_STRICT_OBJC_MSGSEND = YES;
				GCC_C_LANGUAGE_STANDARD = gnu99;
				GCC_DYNAMIC_NO_PIC = NO;
				GCC_NO_COMMON_BLOCKS = YES;
				GCC_OPTIMIZATION_LEVEL = 0;
				GCC_PREPROCESSOR_DEFINITIONS = (
					"DEBUG=1",
					"$(inherited)",
				);
				GCC_SYMBOLS_PRIVATE_EXTERN = NO;
				GCC_WARN_64_TO_32_BIT_CONVERSION = YES;
				GCC_WARN_ABOUT_RETURN_TYPE = YES_ERROR;
				GCC_WARN_UNDECLARED_SELECTOR = YES;
				GCC_WARN_UNINITIALIZED_AUTOS = YES_AGGRESSIVE;
				GCC_WARN_UNUSED_FUNCTION = YES;
				GCC_WARN_UNUSED_VARIABLE = YES;
				MACOSX_DEPLOYMENT_TARGET = 10.10;
				MTL_ENABLE_DEBUG_INFO = YES;
				ONLY_ACTIVE_ARCH = YES;
				SDKROOT = macosx;
			};
			name = Debug;
		};
		DDBAD10F1BA4C1BF00D6F46E /* Release */ = {
			isa = XCBuildConfiguration;
			buildSettings = {
				ALWAYS_SEARCH_USER_PATHS = NO;
				CLANG_CXX_LANGUAGE_STANDARD = "gnu++0x";
				CLANG_CXX_LIBRARY = "libc++";
				CLANG_ENABLE_MODULES = YES;
				CLANG_ENABLE_OBJC_ARC = YES;
				CLANG_WARN_BOOL_CONVERSION = YES;
				CLANG_WARN_CONSTANT_CONVERSION = YES;
				CLANG_WARN_DIRECT_OBJC_ISA_USAGE = YES_ERROR;
				CLANG_WARN_EMPTY_BODY = YES;
				CLANG_WARN_ENUM_CONVERSION = YES;
				CLANG_WARN_INT_CONVERSION = YES;
				CLANG_WARN_OBJC_ROOT_CLASS = YES_ERROR;
				CLANG_WARN_UNREACHABLE_CODE = YES;
				CLANG_WARN__DUPLICATE_METHOD_MATCH = YES;
				COPY_PHASE_STRIP = NO;
				DEBUG_INFORMATION_FORMAT = "dwarf-with-dsym";
				ENABLE_NS_ASSERTIONS = NO;
				ENABLE_STRICT_OBJC_MSGSEND = YES;
				GCC_C_LANGUAGE_STANDARD = gnu99;
				GCC_NO_COMMON_BLOCKS = YES;
				GCC_WARN_64_TO_32_BIT_CONVERSION = YES;
				GCC_WARN_ABOUT_RETURN_TYPE = YES_ERROR;
				GCC_WARN_UNDECLARED_SELECTOR = YES;
				GCC_WARN_UNINITIALIZED_AUTOS = YES_AGGRESSIVE;
				GCC_WARN_UNUSED_FUNCTION = YES;
				GCC_WARN_UNUSED_VARIABLE = YES;
				MACOSX_DEPLOYMENT_TARGET = 10.10;
				MTL_ENABLE_DEBUG_INFO = NO;
				SDKROOT = macosx;
			};
			name = Release;
		};
		DDBAD1111BA4C1BF00D6F46E /* Debug */ = {
			isa = XCBuildConfiguration;
			buildSettings = {
				PRODUCT_NAME = "$(TARGET_NAME)";
			};
			name = Debug;
		};
		DDBAD1121BA4C1BF00D6F46E /* Release */ = {
			isa = XCBuildConfiguration;
			buildSettings = {
				PRODUCT_NAME = "$(TARGET_NAME)";
			};
			name = Release;
		};
/* End XCBuildConfiguration section */

/* Begin XCConfigurationList section */
		DDBAD1041BA4C1BF00D6F46E /* Build configuration list for PBXProject "daily4.c" */ = {
			isa = XCConfigurationList;
			buildConfigurations = (
				DDBAD10E1BA4C1BF00D6F46E /* Debug */,
				DDBAD10F1BA4C1BF00D6F46E /* Release */,
			);
			defaultConfigurationIsVisible = 0;
			defaultConfigurationName = Release;
		};
		DDBAD1101BA4C1BF00D6F46E /* Build configuration list for PBXNativeTarget "daily4.c" */ = {
			isa = XCConfigurationList;
			buildConfigurations = (
				DDBAD1111BA4C1BF00D6F46E /* Debug */,
				DDBAD1121BA4C1BF00D6F46E /* Release */,
			);
			defaultConfigurationIsVisible = 0;
		};
/* End XCConfigurationList section */
	};
	rootObject = DDBAD1011BA4C1BF00D6F46E /* Project object */;
}
