// !$*UTF8*$!
{
	archiveVersion = 1;
	classes = {
	};
	objectVersion = 46;
	objects = {

/* Begin PBXBuildFile section */
		DD8F18D31BB08A0F00BA3004 /* daily8.c in Sources */ = {isa = PBXBuildFile; fileRef = DD8F18D21BB08A0F00BA3004 /* daily8.c */; };
/* End PBXBuildFile section */

/* Begin PBXCopyFilesBuildPhase section */
		DD8F18CD1BB08A0F00BA3004 /* CopyFiles */ = {
			isa = PBXCopyFilesBuildPhase;
			buildActionMask = 2147483647;
			dstPath = /usr/share/man/man1/;
			dstSubfolderSpec = 0;
			files = (
			);
			runOnlyForDeploymentPostprocessing = 1;
		};
/* End PBXCopyFilesBuildPhase section */

/* Begin PBXFileReference section */
		DD8F18CF1BB08A0F00BA3004 /* daily8.c */ = {isa = PBXFileReference; explicitFileType = "compiled.mach-o.executable"; includeInIndex = 0; path = daily8.c; sourceTree = BUILT_PRODUCTS_DIR; };
		DD8F18D21BB08A0F00BA3004 /* daily8.c */ = {isa = PBXFileReference; lastKnownFileType = sourcecode.c.c; path = daily8.c; sourceTree = "<group>"; };
/* End PBXFileReference section */

/* Begin PBXFrameworksBuildPhase section */
		DD8F18CC1BB08A0F00BA3004 /* Frameworks */ = {
			isa = PBXFrameworksBuildPhase;
			buildActionMask = 2147483647;
			files = (
			);
			runOnlyForDeploymentPostprocessing = 0;
		};
/* End PBXFrameworksBuildPhase section */

/* Begin PBXGroup section */
		DD8F18C61BB08A0F00BA3004 = {
			isa = PBXGroup;
			children = (
				DD8F18D11BB08A0F00BA3004 /* daily8.c */,
				DD8F18D01BB08A0F00BA3004 /* Products */,
			);
			sourceTree = "<group>";
		};
		DD8F18D01BB08A0F00BA3004 /* Products */ = {
			isa = PBXGroup;
			children = (
				DD8F18CF1BB08A0F00BA3004 /* daily8.c */,
			);
			name = Products;
			sourceTree = "<group>";
		};
		DD8F18D11BB08A0F00BA3004 /* daily8.c */ = {
			isa = PBXGroup;
			children = (
				DD8F18D21BB08A0F00BA3004 /* daily8.c */,
			);
			path = daily8.c;
			sourceTree = "<group>";
		};
/* End PBXGroup section */

/* Begin PBXNativeTarget section */
		DD8F18CE1BB08A0F00BA3004 /* daily8.c */ = {
			isa = PBXNativeTarget;
			buildConfigurationList = DD8F18D61BB08A0F00BA3004 /* Build configuration list for PBXNativeTarget "daily8.c" */;
			buildPhases = (
				DD8F18CB1BB08A0F00BA3004 /* Sources */,
				DD8F18CC1BB08A0F00BA3004 /* Frameworks */,
				DD8F18CD1BB08A0F00BA3004 /* CopyFiles */,
			);
			buildRules = (
			);
			dependencies = (
			);
			name = daily8.c;
			productName = daily8.c;
			productReference = DD8F18CF1BB08A0F00BA3004 /* daily8.c */;
			productType = "com.apple.product-type.tool";
		};
/* End PBXNativeTarget section */

/* Begin PBXProject section */
		DD8F18C71BB08A0F00BA3004 /* Project object */ = {
			isa = PBXProject;
			attributes = {
				LastUpgradeCheck = 0700;
				ORGANIZATIONNAME = "Sam Pickell";
				TargetAttributes = {
					DD8F18CE1BB08A0F00BA3004 = {
						CreatedOnToolsVersion = 7.0;
					};
				};
			};
			buildConfigurationList = DD8F18CA1BB08A0F00BA3004 /* Build configuration list for PBXProject "daily8.c" */;
			compatibilityVersion = "Xcode 3.2";
			developmentRegion = English;
			hasScannedForEncodings = 0;
			knownRegions = (
				en,
			);
			mainGroup = DD8F18C61BB08A0F00BA3004;
			productRefGroup = DD8F18D01BB08A0F00BA3004 /* Products */;
			projectDirPath = "";
			projectRoot = "";
			targets = (
				DD8F18CE1BB08A0F00BA3004 /* daily8.c */,
			);
		};
/* End PBXProject section */

/* Begin PBXSourcesBuildPhase section */
		DD8F18CB1BB08A0F00BA3004 /* Sources */ = {
			isa = PBXSourcesBuildPhase;
			buildActionMask = 2147483647;
			files = (
				DD8F18D31BB08A0F00BA3004 /* daily8.c in Sources */,
			);
			runOnlyForDeploymentPostprocessing = 0;
		};
/* End PBXSourcesBuildPhase section */

/* Begin XCBuildConfiguration section */
		DD8F18D41BB08A0F00BA3004 /* Debug */ = {
			isa = XCBuildConfiguration;
			buildSettings = {
				ALWAYS_SEARCH_USER_PATHS = NO;
				CLANG_CXX_LANGUAGE_STANDARD = "gnu++0x";
				CLANG_CXX_LIBRARY = "libc++";
				CLANG_ENABLE_MODULES = YES;
				CLANG_ENABLE_OBJC_ARC = YES;
				CLANG_WARN_BOOL_CONVERSION = YES;
				CLANG_WARN_CONSTANT_CONVERSION = YES;
				CLANG_WARN_DIRECT_OBJC_ISA_USAGE = YES_ERROR;
				CLANG_WARN_EMPTY_BODY = YES;
				CLANG_WARN_ENUM_CONVERSION = YES;
				CLANG_WARN_INT_CONVERSION = YES;
				CLANG_WARN_OBJC_ROOT_CLASS = YES_ERROR;
				CLANG_WARN_UNREACHABLE_CODE = YES;
				CLANG_WARN__DUPLICATE_METHOD_MATCH = YES;
				COPY_PHASE_STRIP = NO;
				DEBUG_INFORMATION_FORMAT = dwarf;
				ENABLE_STRICT_OBJC_MSGSEND = YES;
				ENABLE_TESTABILITY = YES;
				GCC_C_LANGUAGE_STANDARD = gnu99;
				GCC_DYNAMIC_NO_PIC = NO;
				GCC_NO_COMMON_BLOCKS = YES;
				GCC_OPTIMIZATION_LEVEL = 0;
				GCC_PREPROCESSOR_DEFINITIONS = (
					"DEBUG=1",
					"$(inherited)",
				);
				GCC_WARN_64_TO_32_BIT_CONVERSION = YES;
				GCC_WARN_ABOUT_RETURN_TYPE = YES_ERROR;
				GCC_WARN_UNDECLARED_SELECTOR = YES;
				GCC_WARN_UNINITIALIZED_AUTOS = YES_AGGRESSIVE;
				GCC_WARN_UNUSED_FUNCTION = YES;
				GCC_WARN_UNUSED_VARIABLE = YES;
				MACOSX_DEPLOYMENT_TARGET = 10.10;
				MTL_ENABLE_DEBUG_INFO = YES;
				ONLY_ACTIVE_ARCH = YES;
				SDKROOT = macosx;
			};
			name = Debug;
		};
		DD8F18D51BB08A0F00BA3004 /* Release */ = {
			isa = XCBuildConfiguration;
			buildSettings = {
				ALWAYS_SEARCH_USER_PATHS = NO;
				CLANG_CXX_LANGUAGE_STANDARD = "gnu++0x";
				CLANG_CXX_LIBRARY = "libc++";
				CLANG_ENABLE_MODULES = YES;
				CLANG_ENABLE_OBJC_ARC = YES;
				CLANG_WARN_BOOL_CONVERSION = YES;
				CLANG_WARN_CONSTANT_CONVERSION = YES;
				CLANG_WARN_DIRECT_OBJC_ISA_USAGE = YES_ERROR;
				CLANG_WARN_EMPTY_BODY = YES;
				CLANG_WARN_ENUM_CONVERSION = YES;
				CLANG_WARN_INT_CONVERSION = YES;
				CLANG_WARN_OBJC_ROOT_CLASS = YES_ERROR;
				CLANG_WARN_UNREACHABLE_CODE = YES;
				CLANG_WARN__DUPLICATE_METHOD_MATCH = YES;
				COPY_PHASE_STRIP = NO;
				DEBUG_INFORMATION_FORMAT = "dwarf-with-dsym";
				ENABLE_NS_ASSERTIONS = NO;
				ENABLE_STRICT_OBJC_MSGSEND = YES;
				GCC_C_LANGUAGE_STANDARD = gnu99;
				GCC_NO_COMMON_BLOCKS = YES;
				GCC_WARN_64_TO_32_BIT_CONVERSION = YES;
				GCC_WARN_ABOUT_RETURN_TYPE = YES_ERROR;
				GCC_WARN_UNDECLARED_SELECTOR = YES;
				GCC_WARN_UNINITIALIZED_AUTOS = YES_AGGRESSIVE;
				GCC_WARN_UNUSED_FUNCTION = YES;
				GCC_WARN_UNUSED_VARIABLE = YES;
				MACOSX_DEPLOYMENT_TARGET = 10.10;
				MTL_ENABLE_DEBUG_INFO = NO;
				SDKROOT = macosx;
			};
			name = Release;
		};
		DD8F18D71BB08A0F00BA3004 /* Debug */ = {
			isa = XCBuildConfiguration;
			buildSettings = {
				PRODUCT_NAME = "$(TARGET_NAME)";
			};
			name = Debug;
		};
		DD8F18D81BB08A0F00BA3004 /* Release */ = {
			isa = XCBuildConfiguration;
			buildSettings = {
				PRODUCT_NAME = "$(TARGET_NAME)";
			};
			name = Release;
		};
/* End XCBuildConfiguration section */

/* Begin XCConfigurationList section */
		DD8F18CA1BB08A0F00BA3004 /* Build configuration list for PBXProject "daily8.c" */ = {
			isa = XCConfigurationList;
			buildConfigurations = (
				DD8F18D41BB08A0F00BA3004 /* Debug */,
				DD8F18D51BB08A0F00BA3004 /* Release */,
			);
			defaultConfigurationIsVisible = 0;
			defaultConfigurationName = Release;
		};
		DD8F18D61BB08A0F00BA3004 /* Build configuration list for PBXNativeTarget "daily8.c" */ = {
			isa = XCConfigurationList;
			buildConfigurations = (
				DD8F18D71BB08A0F00BA3004 /* Debug */,
				DD8F18D81BB08A0F00BA3004 /* Release */,
			);
			defaultConfigurationIsVisible = 0;
		};
/* End XCConfigurationList section */
	};
	rootObject = DD8F18C71BB08A0F00BA3004 /* Project object */;
}
